{
  "created_at": "2025-09-15T01:32:13.910754Z",
  "batch_dir": ".lukhas_runs/2025-09-15/batches_clean",
  "total_batches": 20,
  "total_locked_tasks": 277,
  "total_conflicts": 65,
  "batches": {
    "BATCH-JULES07-2025-09-15-01": {
      "agent": "jules07",
      "file": "BATCH-JULES07-2025-09-15-01.json",
      "tasks": 20,
      "locked_tasks": 15,
      "conflicts": 5,
      "created_at": "2025-09-15T01:32:13.855712Z",
      "expires_at": "2025-09-18T01:32:13.855713Z",
      "branch_name": "feat/jules07/products-batch01",
      "status": "locked",
      "checksum": "a9de023b7ed0fce1"
    },
    "BATCH-CODEX02-2025-09-15-01": {
      "agent": "codex02",
      "file": "BATCH-CODEX02-2025-09-15-01.json",
      "tasks": 6,
      "locked_tasks": 6,
      "conflicts": 0,
      "created_at": "2025-09-15T01:32:13.855097Z",
      "expires_at": "2025-09-18T01:32:13.855098Z",
      "branch_name": "feat/codex02/candidate-batch01",
      "status": "locked",
      "checksum": "9ce607911e0c328f"
    },
    "BATCH-CODEX01-2025-09-15-01": {
      "agent": "codex01",
      "file": "BATCH-CODEX01-2025-09-15-01.json",
      "tasks": 6,
      "locked_tasks": 6,
      "conflicts": 0,
      "created_at": "2025-09-15T01:32:13.854886Z",
      "expires_at": "2025-09-18T01:32:13.854887Z",
      "branch_name": "feat/codex01/candidate-batch01",
      "status": "locked",
      "checksum": "feb164546670856b"
    },
    "BATCH-JULES09-2025-09-15-01": {
      "agent": "jules09",
      "file": "BATCH-JULES09-2025-09-15-01.json",
      "tasks": 6,
      "locked_tasks": 6,
      "conflicts": 0,
      "created_at": "2025-09-15T01:32:13.854505Z",
      "expires_at": "2025-09-18T01:32:13.854506Z",
      "branch_name": "feat/jules09/candidate-batch01",
      "status": "locked",
      "checksum": "20dd818249d5f9ac"
    },
    "BATCH-JULES04-2025-09-15-01": {
      "agent": "jules04",
      "file": "BATCH-JULES04-2025-09-15-01.json",
      "tasks": 20,
      "locked_tasks": 20,
      "conflicts": 0,
      "created_at": "2025-09-15T01:32:13.853717Z",
      "expires_at": "2025-09-18T01:32:13.853719Z",
      "branch_name": "feat/jules04/candidate-batch01",
      "status": "locked",
      "checksum": "c9651d193ec974fe"
    },
    "BATCH-CODEX07-2025-09-15-01": {
      "agent": "codex07",
      "file": "BATCH-CODEX07-2025-09-15-01.json",
      "tasks": 30,
      "locked_tasks": 28,
      "conflicts": 2,
      "created_at": "2025-09-15T01:32:13.857271Z",
      "expires_at": "2025-09-18T01:32:13.857272Z",
      "branch_name": "feat/codex07/candidate-batch01",
      "status": "locked",
      "checksum": "1e7521f24c643a99"
    },
    "BATCH-JULES02-2025-09-15-01": {
      "agent": "jules02",
      "file": "BATCH-JULES02-2025-09-15-01.json",
      "tasks": 25,
      "locked_tasks": 22,
      "conflicts": 3,
      "created_at": "2025-09-15T01:32:13.852864Z",
      "expires_at": "2025-09-18T01:32:13.852866Z",
      "branch_name": "feat/jules02/candidate-batch01",
      "status": "locked",
      "checksum": "3b299ce488353e11"
    },
    "BATCH-JULES01-2025-09-15-01": {
      "agent": "jules01",
      "file": "BATCH-JULES01-2025-09-15-01.json",
      "tasks": 25,
      "locked_tasks": 17,
      "conflicts": 8,
      "created_at": "2025-09-15T01:32:13.852427Z",
      "expires_at": "2025-09-18T01:32:13.852428Z",
      "branch_name": "feat/jules01/candidate-batch01",
      "status": "locked",
      "checksum": "d458ab729353796d"
    },
    "BATCH-CODEX09-2025-09-15-01": {
      "agent": "codex09",
      "file": "BATCH-CODEX09-2025-09-15-01.json",
      "tasks": 30,
      "locked_tasks": 25,
      "conflicts": 5,
      "created_at": "2025-09-15T01:32:13.858271Z",
      "expires_at": "2025-09-18T01:32:13.858272Z",
      "branch_name": "feat/codex09/candidate-batch01",
      "status": "locked",
      "checksum": "40f9a3ae9cfbcbcb"
    },
    "BATCH-CODEX04-2025-09-15-01": {
      "agent": "codex04",
      "file": "BATCH-CODEX04-2025-09-15-01.json",
      "tasks": 6,
      "locked_tasks": 6,
      "conflicts": 0,
      "created_at": "2025-09-15T01:32:13.856716Z",
      "expires_at": "2025-09-18T01:32:13.856718Z",
      "branch_name": "feat/codex04/candidate-batch01",
      "status": "locked",
      "checksum": "39f025a0ce20d3cf"
    },
    "BATCH-CODEX08-2025-09-15-01": {
      "agent": "codex08",
      "file": "BATCH-CODEX08-2025-09-15-01.json",
      "tasks": 30,
      "locked_tasks": 23,
      "conflicts": 7,
      "created_at": "2025-09-15T01:32:13.857778Z",
      "expires_at": "2025-09-18T01:32:13.857779Z",
      "branch_name": "feat/codex08/candidate-batch01",
      "status": "locked",
      "checksum": "6eb25e8da7ff5584"
    },
    "BATCH-JULES10-2025-09-15-01": {
      "agent": "jules10",
      "file": "BATCH-JULES10-2025-09-15-01.json",
      "tasks": 6,
      "locked_tasks": 6,
      "conflicts": 0,
      "created_at": "2025-09-15T01:32:13.854703Z",
      "expires_at": "2025-09-18T01:32:13.854704Z",
      "branch_name": "feat/jules10/candidate-batch01",
      "status": "locked",
      "checksum": "f06e3fe4202a9b66"
    },
    "BATCH-CODEX05-2025-09-15-01": {
      "agent": "codex05",
      "file": "BATCH-CODEX05-2025-09-15-01.json",
      "tasks": 6,
      "locked_tasks": 6,
      "conflicts": 0,
      "created_at": "2025-09-15T01:32:13.856898Z",
      "expires_at": "2025-09-18T01:32:13.856899Z",
      "branch_name": "feat/codex05/candidate-batch01",
      "status": "locked",
      "checksum": "36d9cc96b0c7e53b"
    },
    "BATCH-JULES03-2025-09-15-01": {
      "agent": "jules03",
      "file": "BATCH-JULES03-2025-09-15-01.json",
      "tasks": 25,
      "locked_tasks": 19,
      "conflicts": 6,
      "created_at": "2025-09-15T01:32:13.853291Z",
      "expires_at": "2025-09-18T01:32:13.853293Z",
      "branch_name": "feat/jules03/candidate-batch01",
      "status": "locked",
      "checksum": "952a0ce117df244c"
    },
    "BATCH-CODEX06-2025-09-15-01": {
      "agent": "codex06",
      "file": "BATCH-CODEX06-2025-09-15-01.json",
      "tasks": 5,
      "locked_tasks": 5,
      "conflicts": 0,
      "created_at": "2025-09-15T01:32:13.857084Z",
      "expires_at": "2025-09-18T01:32:13.857085Z",
      "branch_name": "feat/codex06/candidate-batch01",
      "status": "locked",
      "checksum": "761b794983f5028b"
    },
    "BATCH-JULES08-2025-09-15-01": {
      "agent": "jules08",
      "file": "BATCH-JULES08-2025-09-15-01.json",
      "tasks": 20,
      "locked_tasks": 11,
      "conflicts": 9,
      "created_at": "2025-09-15T01:32:13.856114Z",
      "expires_at": "2025-09-18T01:32:13.856115Z",
      "branch_name": "feat/jules08/products-batch01",
      "status": "locked",
      "checksum": "8f8d34b00f50cb44"
    },
    "BATCH-JULES05-2025-09-15-01": {
      "agent": "jules05",
      "file": "BATCH-JULES05-2025-09-15-01.json",
      "tasks": 20,
      "locked_tasks": 17,
      "conflicts": 3,
      "created_at": "2025-09-15T01:32:13.854096Z",
      "expires_at": "2025-09-18T01:32:13.854097Z",
      "branch_name": "feat/jules05/candidate-batch01",
      "status": "locked",
      "checksum": "32ea28bbe2dfaa4c"
    },
    "BATCH-CODEX10-2025-09-15-01": {
      "agent": "codex10",
      "file": "BATCH-CODEX10-2025-09-15-01.json",
      "tasks": 30,
      "locked_tasks": 23,
      "conflicts": 7,
      "created_at": "2025-09-15T01:32:13.858762Z",
      "expires_at": "2025-09-18T01:32:13.858764Z",
      "branch_name": "feat/codex10/candidate-batch01",
      "status": "locked",
      "checksum": "7c2257cf9eedae87"
    },
    "BATCH-CODEX03-2025-09-15-01": {
      "agent": "codex03",
      "file": "BATCH-CODEX03-2025-09-15-01.json",
      "tasks": 6,
      "locked_tasks": 5,
      "conflicts": 1,
      "created_at": "2025-09-15T01:32:13.856524Z",
      "expires_at": "2025-09-18T01:32:13.856525Z",
      "branch_name": "feat/codex03/candidate-batch01",
      "status": "locked",
      "checksum": "e9a85f14e6de962c"
    },
    "BATCH-JULES06-2025-09-15-01": {
      "agent": "jules06",
      "file": "BATCH-JULES06-2025-09-15-01.json",
      "tasks": 20,
      "locked_tasks": 11,
      "conflicts": 9,
      "created_at": "2025-09-15T01:32:13.855305Z",
      "expires_at": "2025-09-18T01:32:13.855306Z",
      "branch_name": "feat/jules06/products-batch01",
      "status": "locked",
      "checksum": "243cbc97e9928062"
    }
  },
  "conflicts": [
    {
      "task_id": "TODO-HIGH-PRODUCTS-ENTERPRISE-ae1205af",
      "reason": "Already assigned to another batch",
      "current_batch": "BATCH-JULES07-2025-09-15-01",
      "file": ".lukhas_runs/2025-09-15/batches_clean/BATCH-JULES07-2025-09-15-01.json"
    },
    {
      "task_id": "TODO-HIGH-PRODUCTS-INFRASTRUCTURE-2918d4df",
      "reason": "Already assigned to another batch",
      "current_batch": "BATCH-JULES07-2025-09-15-01",
      "file": ".lukhas_runs/2025-09-15/batches_clean/BATCH-JULES07-2025-09-15-01.json"
    },
    {
      "task_id": "TODO-HIGH-PRODUCTS-INFRASTRUCTURE-2918d4df",
      "reason": "Already assigned to another batch",
      "current_batch": "BATCH-JULES07-2025-09-15-01",
      "file": ".lukhas_runs/2025-09-15/batches_clean/BATCH-JULES07-2025-09-15-01.json"
    },
    {
      "task_id": "TODO-HIGH-PRODUCTS-INFRASTRUCTURE-2918d4df",
      "reason": "Already assigned to another batch",
      "current_batch": "BATCH-JULES07-2025-09-15-01",
      "file": ".lukhas_runs/2025-09-15/batches_clean/BATCH-JULES07-2025-09-15-01.json"
    },
    {
      "task_id": "TODO-HIGH-PRODUCTS-INFRASTRUCTURE-2918d4df",
      "reason": "Already assigned to another batch",
      "current_batch": "BATCH-JULES07-2025-09-15-01",
      "file": ".lukhas_runs/2025-09-15/batches_clean/BATCH-JULES07-2025-09-15-01.json"
    },
    {
      "task_id": "TODO-MED-TODO-SCRIPTS-4e509bc9",
      "reason": "Already assigned to another batch",
      "current_batch": "BATCH-CODEX07-2025-09-15-01",
      "file": ".lukhas_runs/2025-09-15/batches_clean/BATCH-CODEX07-2025-09-15-01.json"
    },
    {
      "task_id": "TODO-MED-TODO-SCRIPTS-4e509bc9",
      "reason": "Already assigned to another batch",
      "current_batch": "BATCH-CODEX07-2025-09-15-01",
      "file": ".lukhas_runs/2025-09-15/batches_clean/BATCH-CODEX07-2025-09-15-01.json"
    },
    {
      "task_id": "TODO-CRIT-PRODUCTS-SECURITY-f95b295c",
      "reason": "Already assigned to another batch",
      "current_batch": "BATCH-JULES02-2025-09-15-01",
      "file": ".lukhas_runs/2025-09-15/batches_clean/BATCH-JULES02-2025-09-15-01.json"
    },
    {
      "task_id": "TODO-CRIT-PRODUCTS-SECURITY-1e9c0627",
      "reason": "Already assigned to another batch",
      "current_batch": "BATCH-JULES02-2025-09-15-01",
      "file": ".lukhas_runs/2025-09-15/batches_clean/BATCH-JULES02-2025-09-15-01.json"
    },
    {
      "task_id": "TODO-CRIT-PRODUCTS-SECURITY-1e9c0627",
      "reason": "Already assigned to another batch",
      "current_batch": "BATCH-JULES02-2025-09-15-01",
      "file": ".lukhas_runs/2025-09-15/batches_clean/BATCH-JULES02-2025-09-15-01.json"
    },
    {
      "task_id": "TODO-CRIT-CANDIDATE-GOVERNANCE-96e8a5f8",
      "reason": "Already assigned to another batch",
      "current_batch": "BATCH-JULES01-2025-09-15-01",
      "file": ".lukhas_runs/2025-09-15/batches_clean/BATCH-JULES01-2025-09-15-01.json"
    },
    {
      "task_id": "TODO-CRIT-CANDIDATE-GOVERNANCE-0db9c597",
      "reason": "Already assigned to another batch",
      "current_batch": "BATCH-JULES01-2025-09-15-01",
      "file": ".lukhas_runs/2025-09-15/batches_clean/BATCH-JULES01-2025-09-15-01.json"
    },
    {
      "task_id": "TODO-CRIT-CANDIDATE-GOVERNANCE-4ae11c0b",
      "reason": "Already assigned to another batch",
      "current_batch": "BATCH-JULES01-2025-09-15-01",
      "file": ".lukhas_runs/2025-09-15/batches_clean/BATCH-JULES01-2025-09-15-01.json"
    },
    {
      "task_id": "TODO-CRIT-PRODUCTS-SECURITY-f95b295c",
      "reason": "Already assigned to another batch",
      "current_batch": "BATCH-JULES01-2025-09-15-01",
      "file": ".lukhas_runs/2025-09-15/batches_clean/BATCH-JULES01-2025-09-15-01.json"
    },
    {
      "task_id": "TODO-CRIT-PRODUCTS-SECURITY-f95b295c",
      "reason": "Already assigned to another batch",
      "current_batch": "BATCH-JULES01-2025-09-15-01",
      "file": ".lukhas_runs/2025-09-15/batches_clean/BATCH-JULES01-2025-09-15-01.json"
    },
    {
      "task_id": "TODO-CRIT-PRODUCTS-SECURITY-1e9c0627",
      "reason": "Already assigned to another batch",
      "current_batch": "BATCH-JULES01-2025-09-15-01",
      "file": ".lukhas_runs/2025-09-15/batches_clean/BATCH-JULES01-2025-09-15-01.json"
    },
    {
      "task_id": "TODO-CRIT-PRODUCTS-SECURITY-1e9c0627",
      "reason": "Already assigned to another batch",
      "current_batch": "BATCH-JULES01-2025-09-15-01",
      "file": ".lukhas_runs/2025-09-15/batches_clean/BATCH-JULES01-2025-09-15-01.json"
    },
    {
      "task_id": "TODO-CRIT-PRODUCTS-SECURITY-1e9c0627",
      "reason": "Already assigned to another batch",
      "current_batch": "BATCH-JULES01-2025-09-15-01",
      "file": ".lukhas_runs/2025-09-15/batches_clean/BATCH-JULES01-2025-09-15-01.json"
    },
    {
      "task_id": "TODO-MED-TODO-SCRIPTS-60c4c904",
      "reason": "Already assigned to another batch",
      "current_batch": "BATCH-CODEX09-2025-09-15-01",
      "file": ".lukhas_runs/2025-09-15/batches_clean/BATCH-CODEX09-2025-09-15-01.json"
    },
    {
      "task_id": "TODO-MED-TODO-SCRIPTS-4e509bc9",
      "reason": "Already assigned to another batch",
      "current_batch": "BATCH-CODEX09-2025-09-15-01",
      "file": ".lukhas_runs/2025-09-15/batches_clean/BATCH-CODEX09-2025-09-15-01.json"
    },
    {
      "task_id": "TODO-MED-TODO-SCRIPTS-4e509bc9",
      "reason": "Already assigned to another batch",
      "current_batch": "BATCH-CODEX09-2025-09-15-01",
      "file": ".lukhas_runs/2025-09-15/batches_clean/BATCH-CODEX09-2025-09-15-01.json"
    },
    {
      "task_id": "TODO-MED-TODO-SCRIPTS-4e509bc9",
      "reason": "Already assigned to another batch",
      "current_batch": "BATCH-CODEX09-2025-09-15-01",
      "file": ".lukhas_runs/2025-09-15/batches_clean/BATCH-CODEX09-2025-09-15-01.json"
    },
    {
      "task_id": "TODO-MED-TODO-SCRIPTS-4e509bc9",
      "reason": "Already assigned to another batch",
      "current_batch": "BATCH-CODEX09-2025-09-15-01",
      "file": ".lukhas_runs/2025-09-15/batches_clean/BATCH-CODEX09-2025-09-15-01.json"
    },
    {
      "task_id": "TODO-MED-TODO-SCRIPTS-60c4c904",
      "reason": "Already assigned to another batch",
      "current_batch": "BATCH-CODEX08-2025-09-15-01",
      "file": ".lukhas_runs/2025-09-15/batches_clean/BATCH-CODEX08-2025-09-15-01.json"
    },
    {
      "task_id": "TODO-MED-TODO-SCRIPTS-60c4c904",
      "reason": "Already assigned to another batch",
      "current_batch": "BATCH-CODEX08-2025-09-15-01",
      "file": ".lukhas_runs/2025-09-15/batches_clean/BATCH-CODEX08-2025-09-15-01.json"
    },
    {
      "task_id": "TODO-MED-TODO-SCRIPTS-4e509bc9",
      "reason": "Already assigned to another batch",
      "current_batch": "BATCH-CODEX08-2025-09-15-01",
      "file": ".lukhas_runs/2025-09-15/batches_clean/BATCH-CODEX08-2025-09-15-01.json"
    },
    {
      "task_id": "TODO-MED-TODO-SCRIPTS-4e509bc9",
      "reason": "Already assigned to another batch",
      "current_batch": "BATCH-CODEX08-2025-09-15-01",
      "file": ".lukhas_runs/2025-09-15/batches_clean/BATCH-CODEX08-2025-09-15-01.json"
    },
    {
      "task_id": "TODO-MED-BRANDING-ENGINES-0b018fdc",
      "reason": "Already assigned to another batch",
      "current_batch": "BATCH-CODEX08-2025-09-15-01",
      "file": ".lukhas_runs/2025-09-15/batches_clean/BATCH-CODEX08-2025-09-15-01.json"
    },
    {
      "task_id": "TODO-MED-BRANDING-ENGINES-396fb540",
      "reason": "Already assigned to another batch",
      "current_batch": "BATCH-CODEX08-2025-09-15-01",
      "file": ".lukhas_runs/2025-09-15/batches_clean/BATCH-CODEX08-2025-09-15-01.json"
    },
    {
      "task_id": "TODO-MED-EMOTION-__INIT__.PY-85a5d8bf",
      "reason": "Already assigned to another batch",
      "current_batch": "BATCH-CODEX08-2025-09-15-01",
      "file": ".lukhas_runs/2025-09-15/batches_clean/BATCH-CODEX08-2025-09-15-01.json"
    },
    {
      "task_id": "TODO-CRIT-CANDIDATE-CORE-79c1e34f",
      "reason": "Already assigned to another batch",
      "current_batch": "BATCH-JULES03-2025-09-15-01",
      "file": ".lukhas_runs/2025-09-15/batches_clean/BATCH-JULES03-2025-09-15-01.json"
    },
    {
      "task_id": "TODO-CRIT-PRODUCTS-SECURITY-f95b295c",
      "reason": "Already assigned to another batch",
      "current_batch": "BATCH-JULES03-2025-09-15-01",
      "file": ".lukhas_runs/2025-09-15/batches_clean/BATCH-JULES03-2025-09-15-01.json"
    },
    {
      "task_id": "TODO-CRIT-PRODUCTS-SECURITY-1e9c0627",
      "reason": "Already assigned to another batch",
      "current_batch": "BATCH-JULES03-2025-09-15-01",
      "file": ".lukhas_runs/2025-09-15/batches_clean/BATCH-JULES03-2025-09-15-01.json"
    },
    {
      "task_id": "TODO-CRIT-PRODUCTS-SECURITY-1e9c0627",
      "reason": "Already assigned to another batch",
      "current_batch": "BATCH-JULES03-2025-09-15-01",
      "file": ".lukhas_runs/2025-09-15/batches_clean/BATCH-JULES03-2025-09-15-01.json"
    },
    {
      "task_id": "TODO-CRIT-PRODUCTS-SECURITY-1e9c0627",
      "reason": "Already assigned to another batch",
      "current_batch": "BATCH-JULES03-2025-09-15-01",
      "file": ".lukhas_runs/2025-09-15/batches_clean/BATCH-JULES03-2025-09-15-01.json"
    },
    {
      "task_id": "TODO-CRIT-PRODUCTS-SECURITY-1e9c0627",
      "reason": "Already assigned to another batch",
      "current_batch": "BATCH-JULES03-2025-09-15-01",
      "file": ".lukhas_runs/2025-09-15/batches_clean/BATCH-JULES03-2025-09-15-01.json"
    },
    {
      "task_id": "TODO-HIGH-PRODUCTS-ENTERPRISE-b1272dba",
      "reason": "Already assigned to another batch",
      "current_batch": "BATCH-JULES08-2025-09-15-01",
      "file": ".lukhas_runs/2025-09-15/batches_clean/BATCH-JULES08-2025-09-15-01.json"
    },
    {
      "task_id": "TODO-HIGH-PRODUCTS-ENTERPRISE-b1272dba",
      "reason": "Already assigned to another batch",
      "current_batch": "BATCH-JULES08-2025-09-15-01",
      "file": ".lukhas_runs/2025-09-15/batches_clean/BATCH-JULES08-2025-09-15-01.json"
    },
    {
      "task_id": "TODO-HIGH-PRODUCTS-ENTERPRISE-ae1205af",
      "reason": "Already assigned to another batch",
      "current_batch": "BATCH-JULES08-2025-09-15-01",
      "file": ".lukhas_runs/2025-09-15/batches_clean/BATCH-JULES08-2025-09-15-01.json"
    },
    {
      "task_id": "TODO-HIGH-PRODUCTS-INFRASTRUCTURE-facd99f2",
      "reason": "Already assigned to another batch",
      "current_batch": "BATCH-JULES08-2025-09-15-01",
      "file": ".lukhas_runs/2025-09-15/batches_clean/BATCH-JULES08-2025-09-15-01.json"
    },
    {
      "task_id": "TODO-HIGH-PRODUCTS-INFRASTRUCTURE-2918d4df",
      "reason": "Already assigned to another batch",
      "current_batch": "BATCH-JULES08-2025-09-15-01",
      "file": ".lukhas_runs/2025-09-15/batches_clean/BATCH-JULES08-2025-09-15-01.json"
    },
    {
      "task_id": "TODO-HIGH-PRODUCTS-INFRASTRUCTURE-2918d4df",
      "reason": "Already assigned to another batch",
      "current_batch": "BATCH-JULES08-2025-09-15-01",
      "file": ".lukhas_runs/2025-09-15/batches_clean/BATCH-JULES08-2025-09-15-01.json"
    },
    {
      "task_id": "TODO-HIGH-PRODUCTS-INFRASTRUCTURE-2918d4df",
      "reason": "Already assigned to another batch",
      "current_batch": "BATCH-JULES08-2025-09-15-01",
      "file": ".lukhas_runs/2025-09-15/batches_clean/BATCH-JULES08-2025-09-15-01.json"
    },
    {
      "task_id": "TODO-HIGH-PRODUCTS-INFRASTRUCTURE-2918d4df",
      "reason": "Already assigned to another batch",
      "current_batch": "BATCH-JULES08-2025-09-15-01",
      "file": ".lukhas_runs/2025-09-15/batches_clean/BATCH-JULES08-2025-09-15-01.json"
    },
    {
      "task_id": "TODO-HIGH-PRODUCTS-INFRASTRUCTURE-2918d4df",
      "reason": "Already assigned to another batch",
      "current_batch": "BATCH-JULES08-2025-09-15-01",
      "file": ".lukhas_runs/2025-09-15/batches_clean/BATCH-JULES08-2025-09-15-01.json"
    },
    {
      "task_id": "TODO-CRIT-CANDIDATE-CORE-d93e946b",
      "reason": "Already assigned to another batch",
      "current_batch": "BATCH-JULES05-2025-09-15-01",
      "file": ".lukhas_runs/2025-09-15/batches_clean/BATCH-JULES05-2025-09-15-01.json"
    },
    {
      "task_id": "TODO-CRIT-CANDIDATE-GOVERNANCE-4ae11c0b",
      "reason": "Already assigned to another batch",
      "current_batch": "BATCH-JULES05-2025-09-15-01",
      "file": ".lukhas_runs/2025-09-15/batches_clean/BATCH-JULES05-2025-09-15-01.json"
    },
    {
      "task_id": "TODO-CRIT-PRODUCTS-SECURITY-f95b295c",
      "reason": "Already assigned to another batch",
      "current_batch": "BATCH-JULES05-2025-09-15-01",
      "file": ".lukhas_runs/2025-09-15/batches_clean/BATCH-JULES05-2025-09-15-01.json"
    },
    {
      "task_id": "TODO-MED-TODO-SCRIPTS-aac7ff4b",
      "reason": "Already assigned to another batch",
      "current_batch": "BATCH-CODEX10-2025-09-15-01",
      "file": ".lukhas_runs/2025-09-15/batches_clean/BATCH-CODEX10-2025-09-15-01.json"
    },
    {
      "task_id": "TODO-MED-TODO-SCRIPTS-4e509bc9",
      "reason": "Already assigned to another batch",
      "current_batch": "BATCH-CODEX10-2025-09-15-01",
      "file": ".lukhas_runs/2025-09-15/batches_clean/BATCH-CODEX10-2025-09-15-01.json"
    },
    {
      "task_id": "TODO-MED-TODO-SCRIPTS-4e509bc9",
      "reason": "Already assigned to another batch",
      "current_batch": "BATCH-CODEX10-2025-09-15-01",
      "file": ".lukhas_runs/2025-09-15/batches_clean/BATCH-CODEX10-2025-09-15-01.json"
    },
    {
      "task_id": "TODO-MED-TODO-SCRIPTS-4e509bc9",
      "reason": "Already assigned to another batch",
      "current_batch": "BATCH-CODEX10-2025-09-15-01",
      "file": ".lukhas_runs/2025-09-15/batches_clean/BATCH-CODEX10-2025-09-15-01.json"
    },
    {
      "task_id": "TODO-MED-BRANDING-VOCABULARIES-6d341357",
      "reason": "Already assigned to another batch",
      "current_batch": "BATCH-CODEX10-2025-09-15-01",
      "file": ".lukhas_runs/2025-09-15/batches_clean/BATCH-CODEX10-2025-09-15-01.json"
    },
    {
      "task_id": "TODO-MED-CANDIDATE-AKA_QUALIA-28164b08",
      "reason": "Already assigned to another batch",
      "current_batch": "BATCH-CODEX10-2025-09-15-01",
      "file": ".lukhas_runs/2025-09-15/batches_clean/BATCH-CODEX10-2025-09-15-01.json"
    },
    {
      "task_id": "TODO-MED-EMOTION-__INIT__.PY-85a5d8bf",
      "reason": "Already assigned to another batch",
      "current_batch": "BATCH-CODEX10-2025-09-15-01",
      "file": ".lukhas_runs/2025-09-15/batches_clean/BATCH-CODEX10-2025-09-15-01.json"
    },
    {
      "task_id": "TODO-HIGH-CANDIDATE-MEMORY-602cddf2",
      "reason": "Already assigned to another batch",
      "current_batch": "BATCH-CODEX03-2025-09-15-01",
      "file": ".lukhas_runs/2025-09-15/batches_clean/BATCH-CODEX03-2025-09-15-01.json"
    },
    {
      "task_id": "TODO-HIGH-CANDIDATE-CONSCIOUSNESS-b32cbe7d",
      "reason": "Already assigned to another batch",
      "current_batch": "BATCH-JULES06-2025-09-15-01",
      "file": ".lukhas_runs/2025-09-15/batches_clean/BATCH-JULES06-2025-09-15-01.json"
    },
    {
      "task_id": "TODO-HIGH-PRODUCTS-ENTERPRISE-b1272dba",
      "reason": "Already assigned to another batch",
      "current_batch": "BATCH-JULES06-2025-09-15-01",
      "file": ".lukhas_runs/2025-09-15/batches_clean/BATCH-JULES06-2025-09-15-01.json"
    },
    {
      "task_id": "TODO-HIGH-PRODUCTS-ENTERPRISE-ae1205af",
      "reason": "Already assigned to another batch",
      "current_batch": "BATCH-JULES06-2025-09-15-01",
      "file": ".lukhas_runs/2025-09-15/batches_clean/BATCH-JULES06-2025-09-15-01.json"
    },
    {
      "task_id": "TODO-HIGH-PRODUCTS-INFRASTRUCTURE-b96cecbc",
      "reason": "Already assigned to another batch",
      "current_batch": "BATCH-JULES06-2025-09-15-01",
      "file": ".lukhas_runs/2025-09-15/batches_clean/BATCH-JULES06-2025-09-15-01.json"
    },
    {
      "task_id": "TODO-HIGH-PRODUCTS-INFRASTRUCTURE-2918d4df",
      "reason": "Already assigned to another batch",
      "current_batch": "BATCH-JULES06-2025-09-15-01",
      "file": ".lukhas_runs/2025-09-15/batches_clean/BATCH-JULES06-2025-09-15-01.json"
    },
    {
      "task_id": "TODO-HIGH-PRODUCTS-INFRASTRUCTURE-2918d4df",
      "reason": "Already assigned to another batch",
      "current_batch": "BATCH-JULES06-2025-09-15-01",
      "file": ".lukhas_runs/2025-09-15/batches_clean/BATCH-JULES06-2025-09-15-01.json"
    },
    {
      "task_id": "TODO-HIGH-PRODUCTS-INFRASTRUCTURE-2918d4df",
      "reason": "Already assigned to another batch",
      "current_batch": "BATCH-JULES06-2025-09-15-01",
      "file": ".lukhas_runs/2025-09-15/batches_clean/BATCH-JULES06-2025-09-15-01.json"
    },
    {
      "task_id": "TODO-HIGH-PRODUCTS-INFRASTRUCTURE-2918d4df",
      "reason": "Already assigned to another batch",
      "current_batch": "BATCH-JULES06-2025-09-15-01",
      "file": ".lukhas_runs/2025-09-15/batches_clean/BATCH-JULES06-2025-09-15-01.json"
    },
    {
      "task_id": "TODO-HIGH-PRODUCTS-INFRASTRUCTURE-2918d4df",
      "reason": "Already assigned to another batch",
      "current_batch": "BATCH-JULES06-2025-09-15-01",
      "file": ".lukhas_runs/2025-09-15/batches_clean/BATCH-JULES06-2025-09-15-01.json"
    }
  ],
  "locked_task_ids": [
    "TODO-CRIT-BRANDING-ENGINES-e42c9939",
    "TODO-CRIT-BRANDING-PERSONAL_BRAND-1d64c1fd",
    "TODO-CRIT-CANDIDATE-BRIDGE-1f778abd",
    "TODO-CRIT-CANDIDATE-BRIDGE-43cf97b8",
    "TODO-CRIT-CANDIDATE-BRIDGE-4dde592b",
    "TODO-CRIT-CANDIDATE-BRIDGE-5b418c45",
    "TODO-CRIT-CANDIDATE-CONSCIOUSNESS-1006456b",
    "TODO-CRIT-CANDIDATE-CONSCIOUSNESS-16efdefe",
    "TODO-CRIT-CANDIDATE-CONSCIOUSNESS-18bf0af1",
    "TODO-CRIT-CANDIDATE-CONSCIOUSNESS-1a3b92a0",
    "TODO-CRIT-CANDIDATE-CONSCIOUSNESS-5111a350",
    "TODO-CRIT-CANDIDATE-CONSCIOUSNESS-5f621c23",
    "TODO-CRIT-CANDIDATE-CONSCIOUSNESS-d24afa9f",
    "TODO-CRIT-CANDIDATE-CONSCIOUSNESS-df6dfed8",
    "TODO-CRIT-CANDIDATE-CORE-2a4beaf7",
    "TODO-CRIT-CANDIDATE-CORE-38d8621b",
    "TODO-CRIT-CANDIDATE-CORE-79c1e34f",
    "TODO-CRIT-CANDIDATE-CORE-8343b461",
    "TODO-CRIT-CANDIDATE-CORE-93d8a8ae",
    "TODO-CRIT-CANDIDATE-CORE-b3a11d0a",
    "TODO-CRIT-CANDIDATE-CORE-d93e946b",
    "TODO-CRIT-CANDIDATE-GOVERNANCE-02d93d6c",
    "TODO-CRIT-CANDIDATE-GOVERNANCE-04e68df9",
    "TODO-CRIT-CANDIDATE-GOVERNANCE-0a627034",
    "TODO-CRIT-CANDIDATE-GOVERNANCE-0af67529",
    "TODO-CRIT-CANDIDATE-GOVERNANCE-0db9c597",
    "TODO-CRIT-CANDIDATE-GOVERNANCE-14cc8e78",
    "TODO-CRIT-CANDIDATE-GOVERNANCE-2120dbf8",
    "TODO-CRIT-CANDIDATE-GOVERNANCE-23b0eac7",
    "TODO-CRIT-CANDIDATE-GOVERNANCE-25ac6695",
    "TODO-CRIT-CANDIDATE-GOVERNANCE-291f534f",
    "TODO-CRIT-CANDIDATE-GOVERNANCE-292f37f1",
    "TODO-CRIT-CANDIDATE-GOVERNANCE-304882ec",
    "TODO-CRIT-CANDIDATE-GOVERNANCE-3853a416",
    "TODO-CRIT-CANDIDATE-GOVERNANCE-3b4f29de",
    "TODO-CRIT-CANDIDATE-GOVERNANCE-402e4c5d",
    "TODO-CRIT-CANDIDATE-GOVERNANCE-433a7cdd",
    "TODO-CRIT-CANDIDATE-GOVERNANCE-44d9de6f",
    "TODO-CRIT-CANDIDATE-GOVERNANCE-45906ffc",
    "TODO-CRIT-CANDIDATE-GOVERNANCE-464ad2c2",
    "TODO-CRIT-CANDIDATE-GOVERNANCE-4ae11c0b",
    "TODO-CRIT-CANDIDATE-GOVERNANCE-4b35bb43",
    "TODO-CRIT-CANDIDATE-GOVERNANCE-4c8786a7",
    "TODO-CRIT-CANDIDATE-GOVERNANCE-522cb5b5",
    "TODO-CRIT-CANDIDATE-GOVERNANCE-54815d20",
    "TODO-CRIT-CANDIDATE-GOVERNANCE-59336e52",
    "TODO-CRIT-CANDIDATE-GOVERNANCE-648d8b5c",
    "TODO-CRIT-CANDIDATE-GOVERNANCE-65e074f8",
    "TODO-CRIT-CANDIDATE-GOVERNANCE-66824f12",
    "TODO-CRIT-CANDIDATE-GOVERNANCE-6f89bf0d",
    "TODO-CRIT-CANDIDATE-GOVERNANCE-71deef41",
    "TODO-CRIT-CANDIDATE-GOVERNANCE-727f1afe",
    "TODO-CRIT-CANDIDATE-GOVERNANCE-7db45d58",
    "TODO-CRIT-CANDIDATE-GOVERNANCE-870eced1",
    "TODO-CRIT-CANDIDATE-GOVERNANCE-92dd2219",
    "TODO-CRIT-CANDIDATE-GOVERNANCE-941486ea",
    "TODO-CRIT-CANDIDATE-GOVERNANCE-95ebe602",
    "TODO-CRIT-CANDIDATE-GOVERNANCE-96e8a5f8",
    "TODO-CRIT-CANDIDATE-GOVERNANCE-9793688b",
    "TODO-CRIT-CANDIDATE-GOVERNANCE-a95f1715",
    "TODO-CRIT-CANDIDATE-GOVERNANCE-b02f0c3c",
    "TODO-CRIT-CANDIDATE-GOVERNANCE-b4790085",
    "TODO-CRIT-CANDIDATE-GOVERNANCE-b70de571",
    "TODO-CRIT-CANDIDATE-GOVERNANCE-bb653b92",
    "TODO-CRIT-CANDIDATE-GOVERNANCE-be9f619b",
    "TODO-CRIT-CANDIDATE-GOVERNANCE-c2d4a47e",
    "TODO-CRIT-CANDIDATE-GOVERNANCE-cf9672bb",
    "TODO-CRIT-CANDIDATE-GOVERNANCE-d11b2689",
    "TODO-CRIT-CANDIDATE-GOVERNANCE-da0ebdc0",
    "TODO-CRIT-CANDIDATE-GOVERNANCE-dbbb2ccc",
    "TODO-CRIT-CANDIDATE-GOVERNANCE-dc95cd46",
    "TODO-CRIT-CANDIDATE-GOVERNANCE-de64394b",
    "TODO-CRIT-CANDIDATE-GOVERNANCE-e332e332",
    "TODO-CRIT-CANDIDATE-GOVERNANCE-e49f4ab7",
    "TODO-CRIT-CANDIDATE-GOVERNANCE-e6255497",
    "TODO-CRIT-CANDIDATE-GOVERNANCE-e73e20ef",
    "TODO-CRIT-CANDIDATE-GOVERNANCE-f32ad0a2",
    "TODO-CRIT-CANDIDATE-GOVERNANCE-f9a52ee8",
    "TODO-CRIT-CANDIDATE-GOVERNANCE-fa1e7ff1",
    "TODO-CRIT-CANDIDATE-GOVERNANCE-febfa200",
    "TODO-CRIT-CANDIDATE-GOVERNANCE-ff72188f",
    "TODO-CRIT-CANDIDATE-QI-5c698869",
    "TODO-CRIT-CANDIDATE-QI-a24bd36a",
    "TODO-CRIT-CANDIDATE-QI-afe78e78",
    "TODO-CRIT-CANDIDATE-QI-da52a336",
    "TODO-CRIT-MCP_SERVERS-IDENTITY-622feb2d",
    "TODO-CRIT-PRODUCTS-ENTERPRISE-43580871",
    "TODO-CRIT-PRODUCTS-ENTERPRISE-63e2d72c",
    "TODO-CRIT-PRODUCTS-ENTERPRISE-c1ebf7d9",
    "TODO-CRIT-PRODUCTS-ENTERPRISE-d8e0d5aa",
    "TODO-CRIT-PRODUCTS-EXPERIENCE-a7f67b86",
    "TODO-CRIT-PRODUCTS-SECURITY-1e9c0627",
    "TODO-CRIT-PRODUCTS-SECURITY-bf4c80cd",
    "TODO-CRIT-PRODUCTS-SECURITY-f4faae9b",
    "TODO-CRIT-PRODUCTS-SECURITY-f95b295c",
    "TODO-HIGH-BIO-SYMBOLIC-54a205fe",
    "TODO-HIGH-BRANDING-ENGINES-98502be2",
    "TODO-HIGH-CANDIDATE-BIO-cdb47780",
    "TODO-HIGH-CANDIDATE-BIO-cdf7a7ea",
    "TODO-HIGH-CANDIDATE-BRIDGE-605a5f53",
    "TODO-HIGH-CANDIDATE-COLONIES-1c8ad269",
    "TODO-HIGH-CANDIDATE-CONSCIOUSNESS-152c3a93",
    "TODO-HIGH-CANDIDATE-CONSCIOUSNESS-4cbd4355",
    "TODO-HIGH-CANDIDATE-CONSCIOUSNESS-6aa75494",
    "TODO-HIGH-CANDIDATE-CONSCIOUSNESS-a229ed17",
    "TODO-HIGH-CANDIDATE-CONSCIOUSNESS-b32cbe7d",
    "TODO-HIGH-CANDIDATE-CONSCIOUSNESS-c386efcc",
    "TODO-HIGH-CANDIDATE-CONSCIOUSNESS-f16935ea",
    "TODO-HIGH-CANDIDATE-CORE-017e094a",
    "TODO-HIGH-CANDIDATE-CORE-04b373e2",
    "TODO-HIGH-CANDIDATE-CORE-060ec135",
    "TODO-HIGH-CANDIDATE-CORE-1e5afc27",
    "TODO-HIGH-CANDIDATE-CORE-32112474",
    "TODO-HIGH-CANDIDATE-CORE-4dccf049",
    "TODO-HIGH-CANDIDATE-CORE-519afa59",
    "TODO-HIGH-CANDIDATE-CORE-5b1dfddc",
    "TODO-HIGH-CANDIDATE-CORE-61cdaff9",
    "TODO-HIGH-CANDIDATE-CORE-6d622497",
    "TODO-HIGH-CANDIDATE-CORE-6e87ac9b",
    "TODO-HIGH-CANDIDATE-CORE-6f7f5efc",
    "TODO-HIGH-CANDIDATE-CORE-73ca50fb",
    "TODO-HIGH-CANDIDATE-CORE-7998c493",
    "TODO-HIGH-CANDIDATE-CORE-7ccc4505",
    "TODO-HIGH-CANDIDATE-CORE-9a4b9413",
    "TODO-HIGH-CANDIDATE-CORE-a3c26daf",
    "TODO-HIGH-CANDIDATE-CORE-a475ba49",
    "TODO-HIGH-CANDIDATE-CORE-b32142bd",
    "TODO-HIGH-CANDIDATE-CORE-b883c0d4",
    "TODO-HIGH-CANDIDATE-CORE-bfbc4155",
    "TODO-HIGH-CANDIDATE-CORE-c6b0d0d6",
    "TODO-HIGH-CANDIDATE-CORE-d122be15",
    "TODO-HIGH-CANDIDATE-CORE-d8613ed2",
    "TODO-HIGH-CANDIDATE-CORE-da5e5694",
    "TODO-HIGH-CANDIDATE-CORE-e3bda381",
    "TODO-HIGH-CANDIDATE-CORE-e5536936",
    "TODO-HIGH-CANDIDATE-CORE-f2f48445",
    "TODO-HIGH-CANDIDATE-CORE-f717df47",
    "TODO-HIGH-CANDIDATE-CORE-fc12ea3c",
    "TODO-HIGH-CANDIDATE-MEMORY-0fdacfc9",
    "TODO-HIGH-CANDIDATE-MEMORY-1282200f",
    "TODO-HIGH-CANDIDATE-MEMORY-1a68a7cb",
    "TODO-HIGH-CANDIDATE-MEMORY-602cddf2",
    "TODO-HIGH-CANDIDATE-MEMORY-80ac38c7",
    "TODO-HIGH-CANDIDATE-MEMORY-bbcaa223",
    "TODO-HIGH-CANDIDATE-QI-7cd41d3f",
    "TODO-HIGH-CONFIG-SETTINGS.PY-48d82805",
    "TODO-HIGH-MEMORY-FOLD_LINEAGE_TRACKER.PY-54c34bde",
    "TODO-HIGH-PRODUCTS-COMMUNICATION-7093791e",
    "TODO-HIGH-PRODUCTS-CONTENT-b0592c6f",
    "TODO-HIGH-PRODUCTS-ENTERPRISE-88af9ed5",
    "TODO-HIGH-PRODUCTS-ENTERPRISE-ae1205af",
    "TODO-HIGH-PRODUCTS-ENTERPRISE-b1272dba",
    "TODO-HIGH-PRODUCTS-ENTERPRISE-cc17e871",
    "TODO-HIGH-PRODUCTS-ENTERPRISE-d65ca353",
    "TODO-HIGH-PRODUCTS-EXPERIENCE-1007653b",
    "TODO-HIGH-PRODUCTS-INFRASTRUCTURE-2918d4df",
    "TODO-HIGH-PRODUCTS-INFRASTRUCTURE-50c4cf57",
    "TODO-HIGH-PRODUCTS-INFRASTRUCTURE-75ab176c",
    "TODO-HIGH-PRODUCTS-INFRASTRUCTURE-adce094b",
    "TODO-HIGH-PRODUCTS-INFRASTRUCTURE-b96cecbc",
    "TODO-HIGH-PRODUCTS-INFRASTRUCTURE-f6016d07",
    "TODO-HIGH-PRODUCTS-INFRASTRUCTURE-facd99f2",
    "TODO-HIGH-PRODUCTS-INFRASTRUCTURE-fddfbe7c",
    "TODO-HIGH-PRODUCTS-INTELLIGENCE-21d479de",
    "TODO-HIGH-PRODUCTS-INTELLIGENCE-3e66e234",
    "TODO-HIGH-PRODUCTS-INTELLIGENCE-46a72d12",
    "TODO-HIGH-PRODUCTS-INTELLIGENCE-d9fe3644",
    "TODO-LOW-PRODUCTS-EXPERIENCE-905591f4",
    "TODO-LOW-PRODUCTS-INTELLIGENCE-27a9a39f",
    "TODO-LOW-RL-RUN_ADVANCED_TESTS.PY-56c3afc6",
    "TODO-LOW-RL-RUN_ADVANCED_TESTS.PY-d5f40fcd",
    "TODO-LOW-TESTS-SMOKE-6090d7a6",
    "TODO-LOW-TOOLS-CI-015f1af1",
    "TODO-LOW-TOOLS-CI-032329cc",
    "TODO-LOW-TOOLS-CI-48aabd9a",
    "TODO-MED-BRANDING-ENGINES-0b018fdc",
    "TODO-MED-BRANDING-ENGINES-0ef5b227",
    "TODO-MED-BRANDING-ENGINES-141140ff",
    "TODO-MED-BRANDING-ENGINES-396fb540",
    "TODO-MED-BRANDING-ENGINES-56565c60",
    "TODO-MED-BRANDING-ENGINES-57aef93d",
    "TODO-MED-BRANDING-ENGINES-5e945881",
    "TODO-MED-BRANDING-ENGINES-691d1693",
    "TODO-MED-BRANDING-ENGINES-8d14b70c",
    "TODO-MED-BRANDING-ENGINES-8fa6ecc4",
    "TODO-MED-BRANDING-ENGINES-93b823ec",
    "TODO-MED-BRANDING-ENGINES-a57666c4",
    "TODO-MED-BRANDING-ENGINES-aa378bdf",
    "TODO-MED-BRANDING-ENGINES-adab0a91",
    "TODO-MED-BRANDING-ENGINES-c987801c",
    "TODO-MED-BRANDING-ENGINES-dda993b4",
    "TODO-MED-BRANDING-ENGINES-e70756ad",
    "TODO-MED-BRANDING-POETRY-48353df3",
    "TODO-MED-BRANDING-POETRY-7a1325ba",
    "TODO-MED-BRANDING-POETRY-89294f62",
    "TODO-MED-BRANDING-POETRY-bb271305",
    "TODO-MED-BRANDING-POETRY-c9e83137",
    "TODO-MED-BRANDING-POETRY-d5d87827",
    "TODO-MED-BRANDING-POETRY-f03a7a34",
    "TODO-MED-BRANDING-STORYTELLING-589c184e",
    "TODO-MED-BRANDING-VOCABULARIES-0d60ab64",
    "TODO-MED-BRANDING-VOCABULARIES-341d9651",
    "TODO-MED-BRANDING-VOCABULARIES-6d341357",
    "TODO-MED-BRANDING-VOCABULARIES-75aff893",
    "TODO-MED-BRANDING-VOCABULARIES-79a4a01c",
    "TODO-MED-CANDIDATE-AKA_QUALIA-0c0c05da",
    "TODO-MED-CANDIDATE-AKA_QUALIA-28164b08",
    "TODO-MED-CANDIDATE-BIO-5e36a5d4",
    "TODO-MED-CANDIDATE-BRANDING_BRIDGE.PY-98879368",
    "TODO-MED-CANDIDATE-BRIDGE-14ce34de",
    "TODO-MED-CANDIDATE-BRIDGE-2d109e3c",
    "TODO-MED-CANDIDATE-BRIDGE-3d55c6c9",
    "TODO-MED-CANDIDATE-BRIDGE-96359d80",
    "TODO-MED-CANDIDATE-BRIDGE-a8a8c18b",
    "TODO-MED-CANDIDATE-BRIDGE-ab4a7f9a",
    "TODO-MED-CANDIDATE-BRIDGE-b1a870ae",
    "TODO-MED-CANDIDATE-BRIDGE-d87a23ab",
    "TODO-MED-CANDIDATE-BRIDGE-e69f4b27",
    "TODO-MED-CANDIDATE-EMOTION-1659eb6a",
    "TODO-MED-CANDIDATE-EMOTION-35d9f6ef",
    "TODO-MED-CANDIDATE-EMOTION-55ae351d",
    "TODO-MED-CANDIDATE-EMOTION-9b0a2d1b",
    "TODO-MED-CANDIDATE-EMOTION-e123dfc8",
    "TODO-MED-CANDIDATE-EMOTION-e79c2bab",
    "TODO-MED-CANDIDATE-EMOTION-ecd3ad62",
    "TODO-MED-CANDIDATE-GOVERNANCE-059d3be8",
    "TODO-MED-CANDIDATE-GOVERNANCE-0b5a2b23",
    "TODO-MED-CANDIDATE-GOVERNANCE-1fbef412",
    "TODO-MED-CANDIDATE-GOVERNANCE-3bcfe36e",
    "TODO-MED-CANDIDATE-GOVERNANCE-43463cb5",
    "TODO-MED-CANDIDATE-GOVERNANCE-476cf1a8",
    "TODO-MED-CANDIDATE-GOVERNANCE-50668da9",
    "TODO-MED-CANDIDATE-GOVERNANCE-6b58c4e6",
    "TODO-MED-CANDIDATE-GOVERNANCE-75d39211",
    "TODO-MED-CANDIDATE-GOVERNANCE-7897c690",
    "TODO-MED-CANDIDATE-GOVERNANCE-7e64b2c7",
    "TODO-MED-CANDIDATE-GOVERNANCE-856a0a00",
    "TODO-MED-CANDIDATE-GOVERNANCE-89df919b",
    "TODO-MED-CANDIDATE-GOVERNANCE-904bdcdb",
    "TODO-MED-CANDIDATE-GOVERNANCE-945397ec",
    "TODO-MED-CANDIDATE-GOVERNANCE-be857682",
    "TODO-MED-CANDIDATE-GOVERNANCE-d05f486a",
    "TODO-MED-CANDIDATE-GOVERNANCE-d06f75bb",
    "TODO-MED-CANDIDATE-GOVERNANCE-e0e223f6",
    "TODO-MED-CANDIDATE-GOVERNANCE-e43486fd",
    "TODO-MED-CANDIDATE-GOVERNANCE-efe891db",
    "TODO-MED-CANDIDATE-GOVERNANCE-fb57317f",
    "TODO-MED-CANDIDATE-MIGRATION-81a9c4fa",
    "TODO-MED-CANDIDATE-VIVOX-bdbc7afd",
    "TODO-MED-CONFIG-FALLBACK_SETTINGS.PY-78a4a98b",
    "TODO-MED-CONFIG-READ_SETTINGS.PY-000d4cb5",
    "TODO-MED-DIAGNOSTICS-DRIFT_DIAGNOSTICS.PY-f4c4d9ca",
    "TODO-MED-EMOTION-__INIT__.PY-85a5d8bf",
    "TODO-MED-FIX_SYNTAX_ERRORS_V2.PY-1c042cf3",
    "TODO-MED-FIX_SYNTAX_ERRORS_V2.PY-a1430df3",
    "TODO-MED-FIX_SYNTAX_ERRORS_V2.PY-aa0a3e75",
    "TODO-MED-FIX_SYNTAX_ERRORS_V2.PY-cd39bd13",
    "TODO-MED-FIX_SYNTAX_ERRORS_V2.PY-da90ed97",
    "TODO-MED-FIX_SYNTAX_ERRORS_V3.PY-2a8d6de1",
    "TODO-MED-FIX_SYNTAX_ERRORS_V3.PY-cd31a3fb",
    "TODO-MED-HYBRID_MEMORY_FOLD.PY-5dec6944",
    "TODO-MED-LUKHAS_PB2.PY-fb003b54",
    "TODO-MED-LUKHAS_WEBSITE-UNIFIED-b00fc3e9",
    "TODO-MED-PRODUCTS-COMMUNICATION-be4bffb0",
    "TODO-MED-PRODUCTS-INTELLIGENCE-06934dde",
    "TODO-MED-SCRIPTS-ANALYSIS-0978160e",
    "TODO-MED-SCRIPTS-LUKHAS_MCP_SERVER.PY-1f0b1c42",
    "TODO-MED-TODO-SCRIPTS-28299e7b",
    "TODO-MED-TODO-SCRIPTS-4e509bc9",
    "TODO-MED-TODO-SCRIPTS-60c4c904",
    "TODO-MED-TODO-SCRIPTS-63754e4a",
    "TODO-MED-TODO-SCRIPTS-65ad88c6",
    "TODO-MED-TODO-SCRIPTS-7217f2b4",
    "TODO-MED-TODO-SCRIPTS-aac7ff4b",
    "TODO-MED-TODO-SCRIPTS-f0ebcdba",
    "TODO-MED-TODO-SCRIPTS-f42ad8de",
    "TODO-MED-TOOLS-CI-2a879f89"
  ],
  "integrity": {
    "checksum": "370c1d76d9054de2c1b7caf2b9342f73",
    "verified_at": "2025-09-15T01:32:13.910829Z"
  }
}
