{
  "created_at": "2025-09-15T01:44:22.214746Z",
  "batch_dir": ".lukhas_runs/2025-09-15/batches_v2",
  "total_batches": 18,
  "total_locked_tasks": 451,
  "total_conflicts": 0,
  "batches": {
    "BATCH-JULES07-2025-09-15-01": {
      "agent": "jules07",
      "file": "BATCH-JULES07-2025-09-15-01.json",
      "tasks": 20,
      "locked_tasks": 20,
      "conflicts": 0,
      "created_at": "2025-09-15T01:41:37.127356Z",
      "expires_at": "2025-09-18T01:41:37.127357Z",
      "branch_name": "feat/jules07/wallet-qi-bridges-batch01",
      "status": "locked",
      "checksum": "572c57d13f03a58b"
    },
    "BATCH-CODEX02-2025-09-15-01": {
      "agent": "codex02",
      "file": "BATCH-CODEX02-2025-09-15-01.json",
      "tasks": 30,
      "locked_tasks": 30,
      "conflicts": 0,
      "created_at": "2025-09-15T01:41:37.128180Z",
      "expires_at": "2025-09-18T01:41:37.128181Z",
      "branch_name": "feat/codex02/import-cleanup-batch01",
      "status": "locked",
      "checksum": "c9988c6c31123820"
    },
    "BATCH-CODEX01-2025-09-15-01": {
      "agent": "codex01",
      "file": "BATCH-CODEX01-2025-09-15-01.json",
      "tasks": 30,
      "locked_tasks": 30,
      "conflicts": 0,
      "created_at": "2025-09-15T01:41:37.124236Z",
      "expires_at": "2025-09-18T01:41:37.124239Z",
      "branch_name": "feat/codex01/f821-fixes-batch01",
      "status": "locked",
      "checksum": "8b6f6f9a9edb6930"
    },
    "BATCH-JULES09-2025-09-15-01": {
      "agent": "jules09",
      "file": "BATCH-JULES09-2025-09-15-01.json",
      "tasks": 25,
      "locked_tasks": 25,
      "conflicts": 0,
      "created_at": "2025-09-15T01:41:37.126220Z",
      "expires_at": "2025-09-18T01:41:37.126221Z",
      "branch_name": "feat/jules09/dashboards-batch01",
      "status": "locked",
      "checksum": "cf0fff35e2010cf3"
    },
    "BATCH-JULES04-2025-09-15-01": {
      "agent": "jules04",
      "file": "BATCH-JULES04-2025-09-15-01.json",
      "tasks": 20,
      "locked_tasks": 20,
      "conflicts": 0,
      "created_at": "2025-09-15T01:41:37.125398Z",
      "expires_at": "2025-09-18T01:41:37.125398Z",
      "branch_name": "feat/jules04/awareness-\u03bbtier-batch01",
      "status": "locked",
      "checksum": "7b308d9625463a88"
    },
    "BATCH-CODEX07-2025-09-15-01": {
      "agent": "codex07",
      "file": "BATCH-CODEX07-2025-09-15-01.json",
      "tasks": 30,
      "locked_tasks": 30,
      "conflicts": 0,
      "created_at": "2025-09-15T01:41:37.130455Z",
      "expires_at": "2025-09-18T01:41:37.130456Z",
      "branch_name": "feat/codex07/widget-generation-batch01",
      "status": "locked",
      "checksum": "220999c3c1278cca"
    },
    "BATCH-JULES02-2025-09-15-01": {
      "agent": "jules02",
      "file": "BATCH-JULES02-2025-09-15-01.json",
      "tasks": 25,
      "locked_tasks": 25,
      "conflicts": 0,
      "created_at": "2025-09-15T01:41:37.124676Z",
      "expires_at": "2025-09-18T01:41:37.124677Z",
      "branch_name": "feat/jules02/consent-scopes-batch01",
      "status": "locked",
      "checksum": "a0e4de499f90d46b"
    },
    "BATCH-JULES01-2025-09-15-01": {
      "agent": "jules01",
      "file": "BATCH-JULES01-2025-09-15-01.json",
      "tasks": 25,
      "locked_tasks": 25,
      "conflicts": 0,
      "created_at": "2025-09-15T01:41:37.123767Z",
      "expires_at": "2025-09-18T01:41:37.123769Z",
      "branch_name": "feat/jules01/identity-core-batch01",
      "status": "locked",
      "checksum": "3ecaf71aa3a48699"
    },
    "BATCH-CODEX04-2025-09-15-01": {
      "agent": "codex04",
      "file": "BATCH-CODEX04-2025-09-15-01.json",
      "tasks": 30,
      "locked_tasks": 30,
      "conflicts": 0,
      "created_at": "2025-09-15T01:41:37.129060Z",
      "expires_at": "2025-09-18T01:41:37.129061Z",
      "branch_name": "feat/codex04/rename-operations-batch01",
      "status": "locked",
      "checksum": "6e44998d9057f7eb"
    },
    "BATCH-CODEX08-2025-09-15-01": {
      "agent": "codex08",
      "file": "BATCH-CODEX08-2025-09-15-01.json",
      "tasks": 16,
      "locked_tasks": 16,
      "conflicts": 0,
      "created_at": "2025-09-15T01:41:37.130905Z",
      "expires_at": "2025-09-18T01:41:37.130906Z",
      "branch_name": "feat/codex08/template-systems-batch01",
      "status": "locked",
      "checksum": "567aedf46d7be766"
    },
    "BATCH-JULES10-2025-09-15-01": {
      "agent": "jules10",
      "file": "BATCH-JULES10-2025-09-15-01.json",
      "tasks": 25,
      "locked_tasks": 25,
      "conflicts": 0,
      "created_at": "2025-09-15T01:41:37.126638Z",
      "expires_at": "2025-09-18T01:41:37.126641Z",
      "branch_name": "feat/jules10/testing-e2e-batch01",
      "status": "locked",
      "checksum": "4549bc055d484aa7"
    },
    "BATCH-CODEX05-2025-09-15-01": {
      "agent": "codex05",
      "file": "BATCH-CODEX05-2025-09-15-01.json",
      "tasks": 30,
      "locked_tasks": 30,
      "conflicts": 0,
      "created_at": "2025-09-15T01:41:37.129530Z",
      "expires_at": "2025-09-18T01:41:37.129531Z",
      "branch_name": "feat/codex05/lint-compliance-batch01",
      "status": "locked",
      "checksum": "8ac6a091f712451b"
    },
    "BATCH-JULES03-2025-09-15-01": {
      "agent": "jules03",
      "file": "BATCH-JULES03-2025-09-15-01.json",
      "tasks": 25,
      "locked_tasks": 25,
      "conflicts": 0,
      "created_at": "2025-09-15T01:41:37.125050Z",
      "expires_at": "2025-09-18T01:41:37.125052Z",
      "branch_name": "feat/jules03/sso-biometrics-batch01",
      "status": "locked",
      "checksum": "304caee929956faf"
    },
    "BATCH-CODEX06-2025-09-15-01": {
      "agent": "codex06",
      "file": "BATCH-CODEX06-2025-09-15-01.json",
      "tasks": 30,
      "locked_tasks": 30,
      "conflicts": 0,
      "created_at": "2025-09-15T01:41:37.130008Z",
      "expires_at": "2025-09-18T01:41:37.130009Z",
      "branch_name": "feat/codex06/code-cleanup-batch01",
      "status": "locked",
      "checksum": "81088f64a0e90030"
    },
    "BATCH-JULES08-2025-09-15-01": {
      "agent": "jules08",
      "file": "BATCH-JULES08-2025-09-15-01.json",
      "tasks": 20,
      "locked_tasks": 20,
      "conflicts": 0,
      "created_at": "2025-09-15T01:41:37.127760Z",
      "expires_at": "2025-09-18T01:41:37.127761Z",
      "branch_name": "feat/jules08/quantum-entropy-batch01",
      "status": "locked",
      "checksum": "f9a8983cab087da8"
    },
    "BATCH-JULES05-2025-09-15-01": {
      "agent": "jules05",
      "file": "BATCH-JULES05-2025-09-15-01.json",
      "tasks": 20,
      "locked_tasks": 20,
      "conflicts": 0,
      "created_at": "2025-09-15T01:41:37.125808Z",
      "expires_at": "2025-09-18T01:41:37.125809Z",
      "branch_name": "feat/jules05/guardian-ethics-batch01",
      "status": "locked",
      "checksum": "32388fbde98ba679"
    },
    "BATCH-CODEX03-2025-09-15-01": {
      "agent": "codex03",
      "file": "BATCH-CODEX03-2025-09-15-01.json",
      "tasks": 30,
      "locked_tasks": 30,
      "conflicts": 0,
      "created_at": "2025-09-15T01:41:37.128652Z",
      "expires_at": "2025-09-18T01:41:37.128653Z",
      "branch_name": "feat/codex03/docstring-fixes-batch01",
      "status": "locked",
      "checksum": "3d8e2bf2dea8cc92"
    },
    "BATCH-JULES06-2025-09-15-01": {
      "agent": "jules06",
      "file": "BATCH-JULES06-2025-09-15-01.json",
      "tasks": 20,
      "locked_tasks": 20,
      "conflicts": 0,
      "created_at": "2025-09-15T01:41:37.127042Z",
      "expires_at": "2025-09-18T01:41:37.127043Z",
      "branch_name": "feat/jules06/qrg-generator-batch01",
      "status": "locked",
      "checksum": "836aa804fe535230"
    }
  },
  "conflicts": [],
  "locked_task_ids": [
    "TODO-CRIT-BRANDING-ENGINES-e42c9939",
    "TODO-CRIT-BRANDING-PERSONAL_BRAND-1d64c1fd",
    "TODO-CRIT-CANDIDATE-BRIDGE-1f778abd",
    "TODO-CRIT-CANDIDATE-BRIDGE-43cf97b8",
    "TODO-CRIT-CANDIDATE-BRIDGE-4dde592b",
    "TODO-CRIT-CANDIDATE-BRIDGE-5b418c45",
    "TODO-CRIT-CANDIDATE-CONSCIOUSNESS-1006456b",
    "TODO-CRIT-CANDIDATE-CONSCIOUSNESS-16efdefe",
    "TODO-CRIT-CANDIDATE-CONSCIOUSNESS-18bf0af1",
    "TODO-CRIT-CANDIDATE-CONSCIOUSNESS-1a3b92a0",
    "TODO-CRIT-CANDIDATE-CONSCIOUSNESS-5111a350",
    "TODO-CRIT-CANDIDATE-CONSCIOUSNESS-5f621c23",
    "TODO-CRIT-CANDIDATE-CONSCIOUSNESS-d24afa9f",
    "TODO-CRIT-CANDIDATE-CONSCIOUSNESS-df6dfed8",
    "TODO-CRIT-CANDIDATE-CORE-2a4beaf7",
    "TODO-CRIT-CANDIDATE-CORE-38d8621b",
    "TODO-CRIT-CANDIDATE-CORE-79c1e34f",
    "TODO-CRIT-CANDIDATE-CORE-8343b461",
    "TODO-CRIT-CANDIDATE-CORE-9156b4ea",
    "TODO-CRIT-CANDIDATE-CORE-93d8a8ae",
    "TODO-CRIT-CANDIDATE-CORE-b3a11d0a",
    "TODO-CRIT-CANDIDATE-CORE-d93e946b",
    "TODO-CRIT-CANDIDATE-GOVERNANCE-02d93d6c",
    "TODO-CRIT-CANDIDATE-GOVERNANCE-04e68df9",
    "TODO-CRIT-CANDIDATE-GOVERNANCE-0a627034",
    "TODO-CRIT-CANDIDATE-GOVERNANCE-0af67529",
    "TODO-CRIT-CANDIDATE-GOVERNANCE-0db9c597",
    "TODO-CRIT-CANDIDATE-GOVERNANCE-14cc8e78",
    "TODO-CRIT-CANDIDATE-GOVERNANCE-2120dbf8",
    "TODO-CRIT-CANDIDATE-GOVERNANCE-23b0eac7",
    "TODO-CRIT-CANDIDATE-GOVERNANCE-25ac6695",
    "TODO-CRIT-CANDIDATE-GOVERNANCE-291f534f",
    "TODO-CRIT-CANDIDATE-GOVERNANCE-292f37f1",
    "TODO-CRIT-CANDIDATE-GOVERNANCE-304882ec",
    "TODO-CRIT-CANDIDATE-GOVERNANCE-3853a416",
    "TODO-CRIT-CANDIDATE-GOVERNANCE-3b4f29de",
    "TODO-CRIT-CANDIDATE-GOVERNANCE-402e4c5d",
    "TODO-CRIT-CANDIDATE-GOVERNANCE-433a7cdd",
    "TODO-CRIT-CANDIDATE-GOVERNANCE-44d9de6f",
    "TODO-CRIT-CANDIDATE-GOVERNANCE-45906ffc",
    "TODO-CRIT-CANDIDATE-GOVERNANCE-464ad2c2",
    "TODO-CRIT-CANDIDATE-GOVERNANCE-4ae11c0b",
    "TODO-CRIT-CANDIDATE-GOVERNANCE-4b35bb43",
    "TODO-CRIT-CANDIDATE-GOVERNANCE-4c8786a7",
    "TODO-CRIT-CANDIDATE-GOVERNANCE-522cb5b5",
    "TODO-CRIT-CANDIDATE-GOVERNANCE-54815d20",
    "TODO-CRIT-CANDIDATE-GOVERNANCE-59336e52",
    "TODO-CRIT-CANDIDATE-GOVERNANCE-648d8b5c",
    "TODO-CRIT-CANDIDATE-GOVERNANCE-65e074f8",
    "TODO-CRIT-CANDIDATE-GOVERNANCE-66824f12",
    "TODO-CRIT-CANDIDATE-GOVERNANCE-6f89bf0d",
    "TODO-CRIT-CANDIDATE-GOVERNANCE-71deef41",
    "TODO-CRIT-CANDIDATE-GOVERNANCE-727f1afe",
    "TODO-CRIT-CANDIDATE-GOVERNANCE-7db45d58",
    "TODO-CRIT-CANDIDATE-GOVERNANCE-870eced1",
    "TODO-CRIT-CANDIDATE-GOVERNANCE-92dd2219",
    "TODO-CRIT-CANDIDATE-GOVERNANCE-941486ea",
    "TODO-CRIT-CANDIDATE-GOVERNANCE-95ebe602",
    "TODO-CRIT-CANDIDATE-GOVERNANCE-96e8a5f8",
    "TODO-CRIT-CANDIDATE-GOVERNANCE-9793688b",
    "TODO-CRIT-CANDIDATE-GOVERNANCE-a95f1715",
    "TODO-CRIT-CANDIDATE-GOVERNANCE-b02f0c3c",
    "TODO-CRIT-CANDIDATE-GOVERNANCE-b4790085",
    "TODO-CRIT-CANDIDATE-GOVERNANCE-b70de571",
    "TODO-CRIT-CANDIDATE-GOVERNANCE-bb653b92",
    "TODO-CRIT-CANDIDATE-GOVERNANCE-bda5b02b",
    "TODO-CRIT-CANDIDATE-GOVERNANCE-be9f619b",
    "TODO-CRIT-CANDIDATE-GOVERNANCE-c2d4a47e",
    "TODO-CRIT-CANDIDATE-GOVERNANCE-cf47a643",
    "TODO-CRIT-CANDIDATE-GOVERNANCE-cf9672bb",
    "TODO-CRIT-CANDIDATE-GOVERNANCE-d11b2689",
    "TODO-CRIT-CANDIDATE-GOVERNANCE-da0ebdc0",
    "TODO-CRIT-CANDIDATE-GOVERNANCE-dbbb2ccc",
    "TODO-CRIT-CANDIDATE-GOVERNANCE-dc95cd46",
    "TODO-CRIT-CANDIDATE-GOVERNANCE-de64394b",
    "TODO-CRIT-CANDIDATE-GOVERNANCE-e332e332",
    "TODO-CRIT-CANDIDATE-GOVERNANCE-e49f4ab7",
    "TODO-CRIT-CANDIDATE-GOVERNANCE-e6255497",
    "TODO-CRIT-CANDIDATE-GOVERNANCE-e73e20ef",
    "TODO-CRIT-CANDIDATE-GOVERNANCE-f32ad0a2",
    "TODO-CRIT-CANDIDATE-GOVERNANCE-f9a52ee8",
    "TODO-CRIT-CANDIDATE-GOVERNANCE-fa1e7ff1",
    "TODO-CRIT-CANDIDATE-GOVERNANCE-febfa200",
    "TODO-CRIT-CANDIDATE-GOVERNANCE-ff72188f",
    "TODO-CRIT-CANDIDATE-ORCHESTRATION-4d81575f",
    "TODO-CRIT-CANDIDATE-QI-5c698869",
    "TODO-CRIT-CANDIDATE-QI-a24bd36a",
    "TODO-CRIT-CANDIDATE-QI-afe78e78",
    "TODO-CRIT-CANDIDATE-QI-da52a336",
    "TODO-CRIT-MCP_SERVERS-IDENTITY-622feb2d",
    "TODO-CRIT-PRODUCTS-ENTERPRISE-43580871",
    "TODO-CRIT-PRODUCTS-ENTERPRISE-63e2d72c",
    "TODO-CRIT-PRODUCTS-ENTERPRISE-c1ebf7d9",
    "TODO-CRIT-PRODUCTS-ENTERPRISE-d8e0d5aa",
    "TODO-CRIT-PRODUCTS-EXPERIENCE-a7f67b86",
    "TODO-CRIT-PRODUCTS-INFRASTRUCTURE-29593ba2",
    "TODO-CRIT-PRODUCTS-INFRASTRUCTURE-6089261f",
    "TODO-CRIT-PRODUCTS-INFRASTRUCTURE-b35bbc3f",
    "TODO-CRIT-PRODUCTS-INFRASTRUCTURE-d6667c66",
    "TODO-CRIT-PRODUCTS-INFRASTRUCTURE-fde70802",
    "TODO-CRIT-PRODUCTS-SECURITY-1e9c0627",
    "TODO-CRIT-PRODUCTS-SECURITY-bf4c80cd",
    "TODO-CRIT-PRODUCTS-SECURITY-f4faae9b",
    "TODO-CRIT-PRODUCTS-SECURITY-f95b295c",
    "TODO-CRIT-TESTS-E2E-688cb562",
    "TODO-CRIT-TESTS-INTEGRATION-15bf59f9",
    "TODO-CRIT-TESTS-INTEGRATION-bfeaecb6",
    "TODO-CRIT-TOOLS-CI-4e2a71a9",
    "TODO-CRIT-TOOLS-CI-d2a13499",
    "TODO-CRIT-TOOLS-SCRIPTS-597323ce",
    "TODO-CRIT-TOOLS-SCRIPTS-74a953ef",
    "TODO-CRIT-TOOLS-SCRIPTS-8d86fbdf",
    "TODO-CRIT-TOOLS-SCRIPTS-e9584ecc",
    "TODO-CRIT-TOOLS-SECURITY-a2448201",
    "TODO-CRIT-TOOLS-SECURITY-b635a32f",
    "TODO-CRIT-TOOLS-VALIDATION-c1ef8fac",
    "TODO-HIGH-AGI_CORE-REASONING-e18ec162",
    "TODO-HIGH-AI_ORCHESTRATION-LUKHAS_MCP_SERVER.PY-eaaf5f90",
    "TODO-HIGH-API-__INIT__.PY-6c41b650",
    "TODO-HIGH-BIO-SYMBOLIC-54a205fe",
    "TODO-HIGH-BRANDING-APIS-aa7fb64e",
    "TODO-HIGH-BRANDING-ENGINES-2f129798",
    "TODO-HIGH-BRANDING-ENGINES-4bd39d55",
    "TODO-HIGH-BRANDING-ENGINES-4fde8422",
    "TODO-HIGH-BRANDING-ENGINES-625e19e7",
    "TODO-HIGH-BRANDING-ENGINES-7306de9d",
    "TODO-HIGH-BRANDING-ENGINES-98502be2",
    "TODO-HIGH-BRANDING-ENGINES-b81cd14b",
    "TODO-HIGH-BRANDING-ORCHESTRATION-22780c15",
    "TODO-HIGH-BRANDING-ORCHESTRATION-3bb4d101",
    "TODO-HIGH-BRANDING-ORCHESTRATION-40f565fc",
    "TODO-HIGH-BRANDING-ORCHESTRATION-ab64993e",
    "TODO-HIGH-BRANDING-ORCHESTRATION-fc294f50",
    "TODO-HIGH-CANDIDATE-BIO-36934446",
    "TODO-HIGH-CANDIDATE-BIO-741815ec",
    "TODO-HIGH-CANDIDATE-BIO-9d1c7038",
    "TODO-HIGH-CANDIDATE-BIO-cdb47780",
    "TODO-HIGH-CANDIDATE-BIO-cdf7a7ea",
    "TODO-HIGH-CANDIDATE-BIO-e4096b0a",
    "TODO-HIGH-CANDIDATE-BIO-ec3b7bc3",
    "TODO-HIGH-CANDIDATE-COLONIES-1c8ad269",
    "TODO-HIGH-CANDIDATE-CORE-00275530",
    "TODO-HIGH-CANDIDATE-CORE-007de334",
    "TODO-HIGH-CANDIDATE-CORE-017e094a",
    "TODO-HIGH-CANDIDATE-CORE-02bd4d9f",
    "TODO-HIGH-CANDIDATE-CORE-03c35470",
    "TODO-HIGH-CANDIDATE-CORE-03c99f4c",
    "TODO-HIGH-CANDIDATE-CORE-04b373e2",
    "TODO-HIGH-CANDIDATE-CORE-060ec135",
    "TODO-HIGH-CANDIDATE-CORE-074c87ba",
    "TODO-HIGH-CANDIDATE-CORE-0c2bdd95",
    "TODO-HIGH-CANDIDATE-CORE-0d1c540f",
    "TODO-HIGH-CANDIDATE-CORE-0f7f8ebe",
    "TODO-HIGH-CANDIDATE-CORE-115c7753",
    "TODO-HIGH-CANDIDATE-CORE-136faa0a",
    "TODO-HIGH-CANDIDATE-CORE-13757e92",
    "TODO-HIGH-CANDIDATE-CORE-14f170b8",
    "TODO-HIGH-CANDIDATE-CORE-15edf57b",
    "TODO-HIGH-CANDIDATE-CORE-17583574",
    "TODO-HIGH-CANDIDATE-CORE-19ae258d",
    "TODO-HIGH-CANDIDATE-CORE-1ca2e6b8",
    "TODO-HIGH-CANDIDATE-CORE-1dc917d9",
    "TODO-HIGH-CANDIDATE-CORE-1f2fefa8",
    "TODO-HIGH-CANDIDATE-CORE-20d0fcef",
    "TODO-HIGH-CANDIDATE-CORE-218eddaf",
    "TODO-HIGH-CANDIDATE-CORE-246ad803",
    "TODO-HIGH-CANDIDATE-CORE-24f2f5a4",
    "TODO-HIGH-CANDIDATE-CORE-255cbe47",
    "TODO-HIGH-CANDIDATE-CORE-26189e29",
    "TODO-HIGH-CANDIDATE-CORE-28d78ed6",
    "TODO-HIGH-CANDIDATE-CORE-292cb7eb",
    "TODO-HIGH-CANDIDATE-CORE-2f472d0f",
    "TODO-HIGH-CANDIDATE-CORE-2fa969b3",
    "TODO-HIGH-CANDIDATE-CORE-32112474",
    "TODO-HIGH-CANDIDATE-CORE-3270c886",
    "TODO-HIGH-CANDIDATE-CORE-327a775f",
    "TODO-HIGH-CANDIDATE-CORE-3303d4a2",
    "TODO-HIGH-CANDIDATE-CORE-33f32026",
    "TODO-HIGH-CANDIDATE-CORE-38fc3c3b",
    "TODO-HIGH-CANDIDATE-CORE-3bcfcfd8",
    "TODO-HIGH-CANDIDATE-CORE-3e13558e",
    "TODO-HIGH-CANDIDATE-CORE-3fd5468a",
    "TODO-HIGH-CANDIDATE-CORE-40166cbb",
    "TODO-HIGH-CANDIDATE-CORE-441d6078",
    "TODO-HIGH-CANDIDATE-CORE-44e59825",
    "TODO-HIGH-CANDIDATE-CORE-47a1ded2",
    "TODO-HIGH-CANDIDATE-CORE-49b6fc51",
    "TODO-HIGH-CANDIDATE-CORE-4dccf049",
    "TODO-HIGH-CANDIDATE-CORE-4f3d4c11",
    "TODO-HIGH-CANDIDATE-CORE-4f9559a1",
    "TODO-HIGH-CANDIDATE-CORE-5100a9ff",
    "TODO-HIGH-CANDIDATE-CORE-519afa59",
    "TODO-HIGH-CANDIDATE-CORE-51e4596d",
    "TODO-HIGH-CANDIDATE-CORE-563a1623",
    "TODO-HIGH-CANDIDATE-CORE-575e8430",
    "TODO-HIGH-CANDIDATE-CORE-57dd5fe1",
    "TODO-HIGH-CANDIDATE-CORE-5894e070",
    "TODO-HIGH-CANDIDATE-CORE-5af347ed",
    "TODO-HIGH-CANDIDATE-CORE-5b1dfddc",
    "TODO-HIGH-CANDIDATE-CORE-5c222cfe",
    "TODO-HIGH-CANDIDATE-CORE-5d5efb78",
    "TODO-HIGH-CANDIDATE-CORE-5da291f8",
    "TODO-HIGH-CANDIDATE-CORE-5e507181",
    "TODO-HIGH-CANDIDATE-CORE-61cdaff9",
    "TODO-HIGH-CANDIDATE-CORE-65046475",
    "TODO-HIGH-CANDIDATE-CORE-658c9b63",
    "TODO-HIGH-CANDIDATE-CORE-6960091d",
    "TODO-HIGH-CANDIDATE-CORE-6a5e4897",
    "TODO-HIGH-CANDIDATE-CORE-6ac67aaf",
    "TODO-HIGH-CANDIDATE-CORE-6b0fcc75",
    "TODO-HIGH-CANDIDATE-CORE-6d622497",
    "TODO-HIGH-CANDIDATE-CORE-6dd27036",
    "TODO-HIGH-CANDIDATE-CORE-6e8b5fc9",
    "TODO-HIGH-CANDIDATE-CORE-712c2723",
    "TODO-HIGH-CANDIDATE-CORE-718f0ce5",
    "TODO-HIGH-CANDIDATE-CORE-71ff2fd8",
    "TODO-HIGH-CANDIDATE-CORE-72259477",
    "TODO-HIGH-CANDIDATE-CORE-73ca50fb",
    "TODO-HIGH-CANDIDATE-CORE-775a8367",
    "TODO-HIGH-CANDIDATE-CORE-7998c493",
    "TODO-HIGH-CANDIDATE-CORE-7a25d1f3",
    "TODO-HIGH-CANDIDATE-CORE-7b573d9b",
    "TODO-HIGH-CANDIDATE-CORE-7ebc38f3",
    "TODO-HIGH-CANDIDATE-CORE-7f57657a",
    "TODO-HIGH-CANDIDATE-CORE-836e5683",
    "TODO-HIGH-CANDIDATE-CORE-83ced6ee",
    "TODO-HIGH-CANDIDATE-CORE-84f35818",
    "TODO-HIGH-CANDIDATE-CORE-85b2a387",
    "TODO-HIGH-CANDIDATE-CORE-876d3326",
    "TODO-HIGH-CANDIDATE-CORE-8df0c3f4",
    "TODO-HIGH-CANDIDATE-CORE-906d3d6b",
    "TODO-HIGH-CANDIDATE-CORE-9283dcf3",
    "TODO-HIGH-CANDIDATE-CORE-9768a77f",
    "TODO-HIGH-CANDIDATE-CORE-980098c0",
    "TODO-HIGH-CANDIDATE-CORE-9a4b9413",
    "TODO-HIGH-CANDIDATE-CORE-9d8e2fcc",
    "TODO-HIGH-CANDIDATE-CORE-9dc37071",
    "TODO-HIGH-CANDIDATE-CORE-9e704f2a",
    "TODO-HIGH-CANDIDATE-CORE-9f34431f",
    "TODO-HIGH-CANDIDATE-CORE-a3c26daf",
    "TODO-HIGH-CANDIDATE-CORE-a475ba49",
    "TODO-HIGH-CANDIDATE-CORE-a4c9bc1b",
    "TODO-HIGH-CANDIDATE-CORE-a54e1876",
    "TODO-HIGH-CANDIDATE-CORE-a571e11d",
    "TODO-HIGH-CANDIDATE-CORE-a82e4f96",
    "TODO-HIGH-CANDIDATE-CORE-a8b22cb5",
    "TODO-HIGH-CANDIDATE-CORE-a9b59f31",
    "TODO-HIGH-CANDIDATE-CORE-aa3a07ac",
    "TODO-HIGH-CANDIDATE-CORE-afe04c8d",
    "TODO-HIGH-CANDIDATE-CORE-b04654fd",
    "TODO-HIGH-CANDIDATE-CORE-b1e2e91b",
    "TODO-HIGH-CANDIDATE-CORE-b20d7778",
    "TODO-HIGH-CANDIDATE-CORE-b21b6026",
    "TODO-HIGH-CANDIDATE-CORE-b32142bd",
    "TODO-HIGH-CANDIDATE-CORE-b883c0d4",
    "TODO-HIGH-CANDIDATE-CORE-b8aedb41",
    "TODO-HIGH-CANDIDATE-CORE-ba9354a0",
    "TODO-HIGH-CANDIDATE-CORE-bcfc24d2",
    "TODO-HIGH-CANDIDATE-CORE-be4556c4",
    "TODO-HIGH-CANDIDATE-CORE-bfbc4155",
    "TODO-HIGH-CANDIDATE-CORE-c08a4993",
    "TODO-HIGH-CANDIDATE-CORE-c24f150d",
    "TODO-HIGH-CANDIDATE-CORE-c4d9d42b",
    "TODO-HIGH-CANDIDATE-CORE-c6b0d0d6",
    "TODO-HIGH-CANDIDATE-CORE-cdda7c80",
    "TODO-HIGH-CANDIDATE-CORE-d122be15",
    "TODO-HIGH-CANDIDATE-CORE-d234c584",
    "TODO-HIGH-CANDIDATE-CORE-d3d3382e",
    "TODO-HIGH-CANDIDATE-CORE-d3f3f11f",
    "TODO-HIGH-CANDIDATE-CORE-d6a36d98",
    "TODO-HIGH-CANDIDATE-CORE-d8613ed2",
    "TODO-HIGH-CANDIDATE-CORE-da5e5694",
    "TODO-HIGH-CANDIDATE-CORE-ddef7c71",
    "TODO-HIGH-CANDIDATE-CORE-dffe52f2",
    "TODO-HIGH-CANDIDATE-CORE-e3bda381",
    "TODO-HIGH-CANDIDATE-CORE-e58257d8",
    "TODO-HIGH-CANDIDATE-CORE-e7ccf8a4",
    "TODO-HIGH-CANDIDATE-CORE-e83a67ca",
    "TODO-HIGH-CANDIDATE-CORE-ec1fb76a",
    "TODO-HIGH-CANDIDATE-CORE-ec1ffaa7",
    "TODO-HIGH-CANDIDATE-CORE-ec42920d",
    "TODO-HIGH-CANDIDATE-CORE-f082f253",
    "TODO-HIGH-CANDIDATE-CORE-f2f48445",
    "TODO-HIGH-CANDIDATE-CORE-f6a5edcb",
    "TODO-HIGH-CANDIDATE-CORE-fc12ea3c",
    "TODO-LOW-BRANDING-APIS-d3008e63",
    "TODO-LOW-BRANDING-ENGINES-8c86c5e5",
    "TODO-LOW-BRANDING-TONE-32915f2d",
    "TODO-LOW-BRANDING-TONE-a6678f3b",
    "TODO-LOW-BRANDING-TOOLS-1f6d6338",
    "TODO-LOW-PRODUCTS-EXPERIENCE-905591f4",
    "TODO-LOW-PRODUCTS-EXPERIENCE-f5464f3e",
    "TODO-LOW-PRODUCTS-INTELLIGENCE-27a9a39f",
    "TODO-LOW-RL-RUN_ADVANCED_TESTS.PY-56c3afc6",
    "TODO-LOW-RL-RUN_ADVANCED_TESTS.PY-d5f40fcd",
    "TODO-LOW-TESTS-SMOKE-6090d7a6",
    "TODO-LOW-TOOLS-2030_FULL_CONSOLIDATOR.PY-47c907aa",
    "TODO-LOW-TOOLS-ANALYSIS-0c163b0b",
    "TODO-LOW-TOOLS-ANALYSIS-11721ac0",
    "TODO-LOW-TOOLS-ANALYSIS-2234504a",
    "TODO-LOW-TOOLS-ANALYSIS-265b8db1",
    "TODO-LOW-TOOLS-ANALYSIS-48ad68e2",
    "TODO-LOW-TOOLS-ANALYSIS-4a76c7fa",
    "TODO-LOW-TOOLS-ANALYSIS-5d614892",
    "TODO-LOW-TOOLS-ANALYSIS-61b0a1c4",
    "TODO-LOW-TOOLS-ANALYSIS-7ab9af91",
    "TODO-LOW-TOOLS-ANALYSIS-7d2fce3b",
    "TODO-LOW-TOOLS-ANALYSIS-802417d1",
    "TODO-LOW-TOOLS-ANALYSIS-b710e3fb",
    "TODO-LOW-TOOLS-ANALYSIS-c2b389db",
    "TODO-LOW-TOOLS-ANALYSIS-ca1e80dd",
    "TODO-LOW-TOOLS-ANALYSIS-fff0f221",
    "TODO-LOW-TOOLS-ASSIGN_MODULE_OWNERSHIP.PY-d614aef6",
    "TODO-LOW-TOOLS-AUTODOC_HEADERS.PY-46136b4a",
    "TODO-LOW-TOOLS-AUTODOC_HEADERS.PY-646dfc14",
    "TODO-LOW-TOOLS-AUTODOC_HEADERS.PY-78800d4a",
    "TODO-LOW-TOOLS-AUTOMATION-0d85f838",
    "TODO-LOW-TOOLS-AUTOMATION-58ac79d3",
    "TODO-LOW-TOOLS-AUTOMATION-7df45c70",
    "TODO-LOW-TOOLS-CI-015f1af1",
    "TODO-LOW-TOOLS-CI-032329cc",
    "TODO-LOW-TOOLS-CI-050e1bb8",
    "TODO-LOW-TOOLS-CI-0d0b824f",
    "TODO-LOW-TOOLS-CI-0e2eddb3",
    "TODO-LOW-TOOLS-CI-2239c45f",
    "TODO-LOW-TOOLS-CI-2c46cfe8",
    "TODO-LOW-TOOLS-CI-3b263c29",
    "TODO-LOW-TOOLS-CI-48aabd9a",
    "TODO-LOW-TOOLS-CI-53421071",
    "TODO-LOW-TOOLS-CI-55b62617",
    "TODO-LOW-TOOLS-CI-569aa5d8",
    "TODO-LOW-TOOLS-CI-5bf4b9c1",
    "TODO-LOW-TOOLS-CI-660e60b3",
    "TODO-LOW-TOOLS-CI-72fb7300",
    "TODO-LOW-TOOLS-CI-87e7b531",
    "TODO-LOW-TOOLS-CI-9049ebb3",
    "TODO-LOW-TOOLS-CI-912cf506",
    "TODO-LOW-TOOLS-CI-9a89b6cd",
    "TODO-LOW-TOOLS-CI-9f8f0ad0",
    "TODO-LOW-TOOLS-CI-ae6a1bc3",
    "TODO-LOW-TOOLS-CI-ae908578",
    "TODO-LOW-TOOLS-CI-b5b5ed5c",
    "TODO-LOW-TOOLS-CI-d3d594a2",
    "TODO-LOW-TOOLS-CI-d5d6e416",
    "TODO-LOW-TOOLS-CI-d9a9dfed",
    "TODO-LOW-TOOLS-CI-db25a661",
    "TODO-LOW-TOOLS-CI-e622f7bf",
    "TODO-LOW-TOOLS-CLEANUP-1a4045d9",
    "TODO-LOW-TOOLS-CLEANUP-9ccf75ae",
    "TODO-LOW-TOOLS-COMMANDS-6ecc6b84",
    "TODO-LOW-TOOLS-COMMANDS-e4d9390a",
    "TODO-LOW-TOOLS-DECISION_TRACKER.PY-9eadaa32",
    "TODO-LOW-TOOLS-ENTERPRISE-69e464a2",
    "TODO-LOW-TOOLS-FILE_ORGANIZATION_ORACLE.PY-8c59089d",
    "TODO-LOW-TOOLS-FIX_LATER_STUBS.PY-356f177e",
    "TODO-LOW-TOOLS-JOURNAL_CLI.PY-c51a8d30",
    "TODO-LOW-TOOLS-KEYWORD_EXTRACTOR.PY-f9d4d9cf",
    "TODO-LOW-TOOLS-MATRIZ-115e0e5c",
    "TODO-LOW-TOOLS-MATRIZ-ea3294ef",
    "TODO-LOW-TOOLS-PATTERNSCANNER.PY-848db8a1",
    "TODO-LOW-TOOLS-REPORTS-a0fc51f4",
    "TODO-LOW-TOOLS-SCRIPTS-29640c29",
    "TODO-LOW-TOOLS-SCRIPTS-31e3c4cb",
    "TODO-LOW-TOOLS-SCRIPTS-4ef28899",
    "TODO-LOW-TOOLS-SCRIPTS-8dce2d44",
    "TODO-LOW-TOOLS-SCRIPTS-a5e088ec",
    "TODO-LOW-TOOLS-SYMBOL_RESOLVER.PY-78c70b93",
    "TODO-MED-BRANDING-ENGINES-0b018fdc",
    "TODO-MED-BRANDING-ENGINES-0ef5b227",
    "TODO-MED-BRANDING-ENGINES-141140ff",
    "TODO-MED-BRANDING-ENGINES-396fb540",
    "TODO-MED-BRANDING-ENGINES-56565c60",
    "TODO-MED-BRANDING-ENGINES-57aef93d",
    "TODO-MED-BRANDING-ENGINES-5e945881",
    "TODO-MED-BRANDING-ENGINES-691d1693",
    "TODO-MED-BRANDING-ENGINES-8d14b70c",
    "TODO-MED-BRANDING-ENGINES-8fa6ecc4",
    "TODO-MED-BRANDING-ENGINES-93b823ec",
    "TODO-MED-BRANDING-ENGINES-a57666c4",
    "TODO-MED-BRANDING-ENGINES-aa378bdf",
    "TODO-MED-BRANDING-ENGINES-adab0a91",
    "TODO-MED-BRANDING-ENGINES-c987801c",
    "TODO-MED-BRANDING-ENGINES-dda993b4",
    "TODO-MED-BRANDING-ENGINES-e70756ad",
    "TODO-MED-BRANDING-POETRY-48353df3",
    "TODO-MED-BRANDING-POETRY-7a1325ba",
    "TODO-MED-BRANDING-POETRY-89294f62",
    "TODO-MED-BRANDING-POETRY-bb271305",
    "TODO-MED-BRANDING-POETRY-c9e83137",
    "TODO-MED-BRANDING-POETRY-d5d87827",
    "TODO-MED-BRANDING-POETRY-f03a7a34",
    "TODO-MED-BRANDING-STORYTELLING-589c184e",
    "TODO-MED-BRANDING-VOCABULARIES-0d60ab64",
    "TODO-MED-BRANDING-VOCABULARIES-341d9651",
    "TODO-MED-BRANDING-VOCABULARIES-6d341357",
    "TODO-MED-BRANDING-VOCABULARIES-75aff893",
    "TODO-MED-BRANDING-VOCABULARIES-79a4a01c",
    "TODO-MED-CANDIDATE-AKA_QUALIA-0c0c05da",
    "TODO-MED-CANDIDATE-AKA_QUALIA-28164b08",
    "TODO-MED-CANDIDATE-BIO-5e36a5d4",
    "TODO-MED-CANDIDATE-EMOTION-1659eb6a",
    "TODO-MED-CANDIDATE-EMOTION-35d9f6ef",
    "TODO-MED-CANDIDATE-EMOTION-55ae351d",
    "TODO-MED-CANDIDATE-EMOTION-9b0a2d1b",
    "TODO-MED-CANDIDATE-EMOTION-e123dfc8",
    "TODO-MED-CANDIDATE-EMOTION-e79c2bab",
    "TODO-MED-CANDIDATE-EMOTION-ecd3ad62",
    "TODO-MED-CANDIDATE-GOVERNANCE-d06f75bb",
    "TODO-MED-CANDIDATE-MIGRATION-81a9c4fa",
    "TODO-MED-CANDIDATE-QI-921b50e9",
    "TODO-MED-CANDIDATE-QI-a9644c0f",
    "TODO-MED-CANDIDATE-VIVOX-bdbc7afd",
    "TODO-MED-CONFIG-FALLBACK_SETTINGS.PY-78a4a98b",
    "TODO-MED-CONFIG-READ_SETTINGS.PY-000d4cb5",
    "TODO-MED-DIAGNOSTICS-DRIFT_DIAGNOSTICS.PY-f4c4d9ca",
    "TODO-MED-EMOTION-__INIT__.PY-85a5d8bf",
    "TODO-MED-FIX_SYNTAX_ERRORS_V2.PY-1c042cf3",
    "TODO-MED-FIX_SYNTAX_ERRORS_V2.PY-a1430df3",
    "TODO-MED-FIX_SYNTAX_ERRORS_V2.PY-aa0a3e75",
    "TODO-MED-FIX_SYNTAX_ERRORS_V2.PY-cd39bd13",
    "TODO-MED-FIX_SYNTAX_ERRORS_V2.PY-da90ed97",
    "TODO-MED-FIX_SYNTAX_ERRORS_V3.PY-2a8d6de1",
    "TODO-MED-FIX_SYNTAX_ERRORS_V3.PY-cd31a3fb",
    "TODO-MED-HYBRID_MEMORY_FOLD.PY-5dec6944",
    "TODO-MED-LUKHAS_PB2.PY-fb003b54",
    "TODO-MED-LUKHAS_WEBSITE-UNIFIED-b00fc3e9",
    "TODO-MED-PRODUCTS-COMMUNICATION-be4bffb0",
    "TODO-MED-PRODUCTS-INTELLIGENCE-06934dde",
    "TODO-MED-SCRIPTS-ANALYSIS-0978160e",
    "TODO-MED-SCRIPTS-ANALYSIS-ba9f0dd4",
    "TODO-MED-SCRIPTS-COLONY_DNA_SMOKE.PY-09bee36f",
    "TODO-MED-SCRIPTS-DEBUG_KWARGS.PY-29a26e4f",
    "TODO-MED-SCRIPTS-DEBUG_KWARGS.PY-7c0299e5",
    "TODO-MED-SCRIPTS-DEBUG_KWARGS.PY-cb376197",
    "TODO-MED-SCRIPTS-FIX_IMPORTS.PY-fcce793f",
    "TODO-MED-SCRIPTS-LUKHAS_MCP_SERVER.PY-1f0b1c42",
    "TODO-MED-SCRIPTS-LUKHAS_MCP_SERVER_SIMPLE.PY-044388e3",
    "TODO-MED-SCRIPTS-LUKHAS_MCP_SERVER_SIMPLE.PY-8dc5e126",
    "TODO-MED-SCRIPTS-LUKHAS_MCP_SERVER_SIMPLE.PY-b26d0b9a",
    "TODO-MED-SCRIPTS-TRANSFER_CANDIDATE_SCANNER.PY-2283851b",
    "TODO-MED-SRC-ATTRIBUTION-66193e5f",
    "TODO-MED-TODO-SCRIPTS-28299e7b",
    "TODO-MED-TODO-SCRIPTS-4e509bc9",
    "TODO-MED-TODO-SCRIPTS-60c4c904",
    "TODO-MED-TODO-SCRIPTS-63754e4a",
    "TODO-MED-TODO-SCRIPTS-65ad88c6",
    "TODO-MED-TODO-SCRIPTS-7217f2b4",
    "TODO-MED-TODO-SCRIPTS-aac7ff4b",
    "TODO-MED-TODO-SCRIPTS-f0ebcdba",
    "TODO-MED-TODO-SCRIPTS-f42ad8de",
    "TODO-MED-TOOLS-CI-2a879f89"
  ],
  "integrity": {
    "checksum": "6a7529eed7d7fcbfa44c81d5e5a9ea2e",
    "verified_at": "2025-09-15T01:44:22.214879Z"
  }
}
